// !$*UTF8*$!
{
	archiveVersion = 1;
	classes = {
	};
	objectVersion = 50;
	objects = {

/* Begin PBXBuildFile section */
		03BA69A9243615FF0063B3B3 /* MyTableViewCell.swift in Sources */ = {isa = PBXBuildFile; fileRef = 03BA69A8243615FF0063B3B3 /* MyTableViewCell.swift */; };
		03CEC25324360C8A003F9520 /* AppDelegate.swift in Sources */ = {isa = PBXBuildFile; fileRef = 03CEC25224360C8A003F9520 /* AppDelegate.swift */; };
		03CEC25524360C8A003F9520 /* SceneDelegate.swift in Sources */ = {isa = PBXBuildFile; fileRef = 03CEC25424360C8A003F9520 /* SceneDelegate.swift */; };
		03CEC25724360C8A003F9520 /* ViewController.swift in Sources */ = {isa = PBXBuildFile; fileRef = 03CEC25624360C8A003F9520 /* ViewController.swift */; };
		03CEC25A24360C8A003F9520 /* Main.storyboard in Resources */ = {isa = PBXBuildFile; fileRef = 03CEC25824360C8A003F9520 /* Main.storyboard */; };
		03CEC25C24360C8E003F9520 /* Assets.xcassets in Resources */ = {isa = PBXBuildFile; fileRef = 03CEC25B24360C8E003F9520 /* Assets.xcassets */; };
		03CEC25F24360C8E003F9520 /* LaunchScreen.storyboard in Resources */ = {isa = PBXBuildFile; fileRef = 03CEC25D24360C8E003F9520 /* LaunchScreen.storyboard */; };
		03CEC26724360CAA003F9520 /* DetailsViewController.swift in Sources */ = {isa = PBXBuildFile; fileRef = 03CEC26624360CAA003F9520 /* DetailsViewController.swift */; };
		03CEC26924360CB8003F9520 /* Movie.swift in Sources */ = {isa = PBXBuildFile; fileRef = 03CEC26824360CB8003F9520 /* Movie.swift */; };
/* End PBXBuildFile section */

/* Begin PBXFileReference section */
		03BA69A8243615FF0063B3B3 /* MyTableViewCell.swift */ = {isa = PBXFileReference; lastKnownFileType = sourcecode.swift; path = MyTableViewCell.swift; sourceTree = "<group>"; };
		03CEC24F24360C8A003F9520 /* dependancyInjection2.app */ = {isa = PBXFileReference; explicitFileType = wrapper.application; includeInIndex = 0; path = dependancyInjection2.app; sourceTree = BUILT_PRODUCTS_DIR; };
		03CEC25224360C8A003F9520 /* AppDelegate.swift */ = {isa = PBXFileReference; lastKnownFileType = sourcecode.swift; path = AppDelegate.swift; sourceTree = "<group>"; };
		03CEC25424360C8A003F9520 /* SceneDelegate.swift */ = {isa = PBXFileReference; lastKnownFileType = sourcecode.swift; path = SceneDelegate.swift; sourceTree = "<group>"; };
		03CEC25624360C8A003F9520 /* ViewController.swift */ = {isa = PBXFileReference; lastKnownFileType = sourcecode.swift; path = ViewController.swift; sourceTree = "<group>"; };
		03CEC25924360C8A003F9520 /* Base */ = {isa = PBXFileReference; lastKnownFileType = file.storyboard; name = Base; path = Base.lproj/Main.storyboard; sourceTree = "<group>"; };
		03CEC25B24360C8E003F9520 /* Assets.xcassets */ = {isa = PBXFileReference; lastKnownFileType = folder.assetcatalog; path = Assets.xcassets; sourceTree = "<group>"; };
		03CEC25E24360C8E003F9520 /* Base */ = {isa = PBXFileReference; lastKnownFileType = file.storyboard; name = Base; path = Base.lproj/LaunchScreen.storyboard; sourceTree = "<group>"; };
		03CEC26024360C8E003F9520 /* Info.plist */ = {isa = PBXFileReference; lastKnownFileType = text.plist.xml; path = Info.plist; sourceTree = "<group>"; };
		03CEC26624360CAA003F9520 /* DetailsViewController.swift */ = {isa = PBXFileReference; lastKnownFileType = sourcecode.swift; path = DetailsViewController.swift; sourceTree = "<group>"; };
		03CEC26824360CB8003F9520 /* Movie.swift */ = {isa = PBXFileReference; lastKnownFileType = sourcecode.swift; path = Movie.swift; sourceTree = "<group>"; };
/* End PBXFileReference section */

/* Begin PBXFrameworksBuildPhase section */
		03CEC24C24360C8A003F9520 /* Frameworks */ = {
			isa = PBXFrameworksBuildPhase;
			buildActionMask = 2147483647;
			files = (
			);
			runOnlyForDeploymentPostprocessing = 0;
		};
/* End PBXFrameworksBuildPhase section */

/* Begin PBXGroup section */
		03CEC24624360C8A003F9520 = {
			isa = PBXGroup;
			children = (
				03CEC25124360C8A003F9520 /* dependancyInjection2 */,
				03CEC25024360C8A003F9520 /* Products */,
			);
			sourceTree = "<group>";
		};
		03CEC25024360C8A003F9520 /* Products */ = {
			isa = PBXGroup;
			children = (
				03CEC24F24360C8A003F9520 /* dependancyInjection2.app */,
			);
			name = Products;
			sourceTree = "<group>";
		};
		03CEC25124360C8A003F9520 /* dependancyInjection2 */ = {
			isa = PBXGroup;
			children = (
				03CEC25224360C8A003F9520 /* AppDelegate.swift */,
				03CEC25424360C8A003F9520 /* SceneDelegate.swift */,
				03CEC25624360C8A003F9520 /* ViewController.swift */,
				03CEC26624360CAA003F9520 /* DetailsViewController.swift */,
				03BA69A8243615FF0063B3B3 /* MyTableViewCell.swift */,
				03CEC26824360CB8003F9520 /* Movie.swift */,
				03CEC25824360C8A003F9520 /* Main.storyboard */,
				03CEC25B24360C8E003F9520 /* Assets.xcassets */,
				03CEC25D24360C8E003F9520 /* LaunchScreen.storyboard */,
				03CEC26024360C8E003F9520 /* Info.plist */,
			);
			path = dependancyInjection2;
			sourceTree = "<group>";
		};
/* End PBXGroup section */

/* Begin PBXNativeTarget section */
		03CEC24E24360C8A003F9520 /* dependancyInjection2 */ = {
			isa = PBXNativeTarget;
			buildConfigurationList = 03CEC26324360C8E003F9520 /* Build configuration list for PBXNativeTarget "dependancyInjection2" */;
			buildPhases = (
				03CEC24B24360C8A003F9520 /* Sources */,
				03CEC24C24360C8A003F9520 /* Frameworks */,
				03CEC24D24360C8A003F9520 /* Resources */,
			);
			buildRules = (
			);
			dependencies = (
			);
			name = dependancyInjection2;
			productName = dependancyInjection2;
			productReference = 03CEC24F24360C8A003F9520 /* dependancyInjection2.app */;
			productType = "com.apple.product-type.application";
		};
/* End PBXNativeTarget section */

/* Begin PBXProject section */
		03CEC24724360C8A003F9520 /* Project object */ = {
			isa = PBXProject;
			attributes = {
				LastSwiftUpdateCheck = 1140;
				LastUpgradeCheck = 1140;
				ORGANIZATIONNAME = "Ebrahim  Mo Gedamy";
				TargetAttributes = {
					03CEC24E24360C8A003F9520 = {
						CreatedOnToolsVersion = 11.4;
					};
				};
			};
			buildConfigurationList = 03CEC24A24360C8A003F9520 /* Build configuration list for PBXProject "dependancyInjection2" */;
			compatibilityVersion = "Xcode 9.3";
			developmentRegion = en;
			hasScannedForEncodings = 0;
			knownRegions = (
				en,
				Base,
			);
			mainGroup = 03CEC24624360C8A003F9520;
			productRefGroup = 03CEC25024360C8A003F9520 /* Products */;
			projectDirPath = "";
			projectRoot = "";
			targets = (
				03CEC24E24360C8A003F9520 /* dependancyInjection2 */,
			);
		};
/* End PBXProject section */

/* Begin PBXResourcesBuildPhase section */
		03CEC24D24360C8A003F9520 /* Resources */ = {
			isa = PBXResourcesBuildPhase;
			buildActionMask = 2147483647;
			files = (
				03CEC25F24360C8E003F9520 /* LaunchScreen.storyboard in Resources */,
				03CEC25C24360C8E003F9520 /* Assets.xcassets in Resources */,
				03CEC25A24360C8A003F9520 /* Main.storyboard in Resources */,
			);
			runOnlyForDeploymentPostprocessing = 0;
		};
/* End PBXResourcesBuildPhase section */

/* Begin PBXSourcesBuildPhase section */
		03CEC24B24360C8A003F9520 /* Sources */ = {
			isa = PBXSourcesBuildPhase;
			buildActionMask = 2147483647;
			files = (
				03CEC25724360C8A003F9520 /* ViewController.swift in Sources */,
				03CEC25324360C8A003F9520 /* AppDelegate.swift in Sources */,
				03CEC25524360C8A003F9520 /* SceneDelegate.swift in Sources */,
				03CEC26724360CAA003F9520 /* DetailsViewController.swift in Sources */,
				03CEC26924360CB8003F9520 /* Movie.swift in Sources */,
				03BA69A9243615FF0063B3B3 /* MyTableViewCell.swift in Sources */,
			);
			runOnlyForDeploymentPostprocessing = 0;
		};
/* End PBXSourcesBuildPhase section */

/* Begin PBXVariantGroup section */
		03CEC25824360C8A003F9520 /* Main.storyboard */ = {
			isa = PBXVariantGroup;
			children = (
				03CEC25924360C8A003F9520 /* Base */,
			);
			name = Main.storyboard;
			sourceTree = "<group>";
		};
		03CEC25D24360C8E003F9520 /* LaunchScreen.storyboard */ = {
			isa = PBXVariantGroup;
			children = (
				03CEC25E24360C8E003F9520 /* Base */,
			);
			name = LaunchScreen.storyboard;
			sourceTree = "<group>";
		};
/* End PBXVariantGroup section */

/* Begin XCBuildConfiguration section */
		03CEC26124360C8E003F9520 /* Debug */ = {
			isa = XCBuildConfiguration;
			buildSettings = {
				ALWAYS_SEARCH_USER_PATHS = NO;
				CLANG_ANALYZER_NONNULL = YES;
				CLANG_ANALYZER_NUMBER_OBJECT_CONVERSION = YES_AGGRESSIVE;
				CLANG_CXX_LANGUAGE_STANDARD = "gnu++14";
				CLANG_CXX_LIBRARY = "libc++";
				CLANG_ENABLE_MODULES = YES;
				CLANG_ENABLE_OBJC_ARC = YES;
				CLANG_ENABLE_OBJC_WEAK = YES;
				CLANG_WARN_BLOCK_CAPTURE_AUTORELEASING = YES;
				CLANG_WARN_BOOL_CONVERSION = YES;
				CLANG_WARN_COMMA = YES;
				CLANG_WARN_CONSTANT_CONVERSION = YES;
				CLANG_WARN_DEPRECATED_OBJC_IMPLEMENTATIONS = YES;
				CLANG_WARN_DIRECT_OBJC_ISA_USAGE = YES_ERROR;
				CLANG_WARN_DOCUMENTATION_COMMENTS = YES;
				CLANG_WARN_EMPTY_BODY = YES;
				CLANG_WARN_ENUM_CONVERSION = YES;
				CLANG_WARN_INFINITE_RECURSION = YES;
				CLANG_WARN_INT_CONVERSION = YES;
				CLANG_WARN_NON_LITERAL_NULL_CONVERSION = YES;
				CLANG_WARN_OBJC_IMPLICIT_RETAIN_SELF = YES;
				CLANG_WARN_OBJC_LITERAL_CONVERSION = YES;
				CLANG_WARN_OBJC_ROOT_CLASS = YES_ERROR;
				CLANG_WARN_RANGE_LOOP_ANALYSIS = YES;
				CLANG_WARN_STRICT_PROTOTYPES = YES;
				CLANG_WARN_SUSPICIOUS_MOVE = YES;
				CLANG_WARN_UNGUARDED_AVAILABILITY = YES_AGGRESSIVE;
				CLANG_WARN_UNREACHABLE_CODE = YES;
				CLANG_WARN__DUPLICATE_METHOD_MATCH = YES;
				COPY_PHASE_STRIP = NO;
				DEBUG_INFORMATION_FORMAT = dwarf;
				ENABLE_STRICT_OBJC_MSGSEND = YES;
				ENABLE_TESTABILITY = YES;
				GCC_C_LANGUAGE_STANDARD = gnu11;
				GCC_DYNAMIC_NO_PIC = NO;
				GCC_NO_COMMON_BLOCKS = YES;
				GCC_OPTIMIZATION_LEVEL = 0;
				GCC_PREPROCESSOR_DEFINITIONS = (
					"DEBUG=1",
					"$(inherited)",
				);
				GCC_WARN_64_TO_32_BIT_CONVERSION = YES;
				GCC_WARN_ABOUT_RETURN_TYPE = YES_ERROR;
				GCC_WARN_UNDECLARED_SELECTOR = YES;
				GCC_WARN_UNINITIALIZED_AUTOS = YES_AGGRESSIVE;
				GCC_WARN_UNUSED_FUNCTION = YES;
				GCC_WARN_UNUSED_VARIABLE = YES;
				IPHONEOS_DEPLOYMENT_TARGET = 13.4;
				MTL_ENABLE_DEBUG_INFO = INCLUDE_SOURCE;
				MTL_FAST_MATH = YES;
				ONLY_ACTIVE_ARCH = YES;
				SDKROOT = iphoneos;
				SWIFT_ACTIVE_COMPILATION_CONDITIONS = DEBUG;
				SWIFT_OPTIMIZATION_LEVEL = "-Onone";
			};
			name = Debug;
		};
		03CEC26224360C8E003F9520 /* Release */ = {
			isa = XCBuildConfiguration;
			buildSettings = {
				ALWAYS_SEARCH_USER_PATHS = NO;
				CLANG_ANALYZER_NONNULL = YES;
				CLANG_ANALYZER_NUMBER_OBJECT_CONVERSION = YES_AGGRESSIVE;
				CLANG_CXX_LANGUAGE_STANDARD = "gnu++14";
				CLANG_CXX_LIBRARY = "libc++";
				CLANG_ENABLE_MODULES = YES;
				CLANG_ENABLE_OBJC_ARC = YES;
				CLANG_ENABLE_OBJC_WEAK = YES;
				CLANG_WARN_BLOCK_CAPTURE_AUTORELEASING = YES;
				CLANG_WARN_BOOL_CONVERSION = YES;
				CLANG_WARN_COMMA = YES;
				CLANG_WARN_CONSTANT_CONVERSION = YES;
				CLANG_WARN_DEPRECATED_OBJC_IMPLEMENTATIONS = YES;
				CLANG_WARN_DIRECT_OBJC_ISA_USAGE = YES_ERROR;
				CLANG_WARN_DOCUMENTATION_COMMENTS = YES;
				CLANG_WARN_EMPTY_BODY = YES;
				CLANG_WARN_ENUM_CONVERSION = YES;
				CLANG_WARN_INFINITE_RECURSION = YES;
				CLANG_WARN_INT_CONVERSION = YES;
				CLANG_WARN_NON_LITERAL_NULL_CONVERSION = YES;
				CLANG_WARN_OBJC_IMPLICIT_RETAIN_SELF = YES;
				CLANG_WARN_OBJC_LITERAL_CONVERSION = YES;
				CLANG_WARN_OBJC_ROOT_CLASS = YES_ERROR;
				CLANG_WARN_RANGE_LOOP_ANALYSIS = YES;
				CLANG_WARN_STRICT_PROTOTYPES = YES;
				CLANG_WARN_SUSPICIOUS_MOVE = YES;
				CLANG_WARN_UNGUARDED_AVAILABILITY = YES_AGGRESSIVE;
				CLANG_WARN_UNREACHABLE_CODE = YES;
				CLANG_WARN__DUPLICATE_METHOD_MATCH = YES;
				COPY_PHASE_STRIP = NO;
				DEBUG_INFORMATION_FORMAT = "dwarf-with-dsym";
				ENABLE_NS_ASSERTIONS = NO;
				ENABLE_STRICT_OBJC_MSGSEND = YES;
				GCC_C_LANGUAGE_STANDARD = gnu11;
				GCC_NO_COMMON_BLOCKS = YES;
				GCC_WARN_64_TO_32_BIT_CONVERSION = YES;
				GCC_WARN_ABOUT_RETURN_TYPE = YES_ERROR;
				GCC_WARN_UNDECLARED_SELECTOR = YES;
				GCC_WARN_UNINITIALIZED_AUTOS = YES_AGGRESSIVE;
				GCC_WARN_UNUSED_FUNCTION = YES;
				GCC_WARN_UNUSED_VARIABLE = YES;
				IPHONEOS_DEPLOYMENT_TARGET = 13.4;
				MTL_ENABLE_DEBUG_INFO = NO;
				MTL_FAST_MATH = YES;
				SDKROOT = iphoneos;
				SWIFT_COMPILATION_MODE = wholemodule;
				SWIFT_OPTIMIZATION_LEVEL = "-O";
				VALIDATE_PRODUCT = YES;
			};
			name = Release;
		};
		03CEC26424360C8E003F9520 /* Debug */ = {
			isa = XCBuildConfiguration;
			buildSettings = {
				ASSETCATALOG_COMPILER_APPICON_NAME = AppIcon;
				CODE_SIGN_STYLE = Automatic;
				DEVELOPMENT_TEAM = V639XPXR4D;
				INFOPLIST_FILE = dependancyInjection2/Info.plist;
				LD_RUNPATH_SEARCH_PATHS = (
					"$(inherited)",
					"@executable_path/Frameworks",
				);
				PRODUCT_BUNDLE_IDENTIFIER = "Ebrahim-Mo-Gedamy.dependancyInjection2";
				PRODUCT_NAME = "$(TARGET_NAME)";
				SWIFT_VERSION = 5.0;
				TARGETED_DEVICE_FAMILY = "1,2";
			};
			name = Debug;
		};
		03CEC26524360C8E003F9520 /* Release */ = {
			isa = XCBuildConfiguration;
			buildSettings = {
				ASSETCATALOG_COMPILER_APPICON_NAME = AppIcon;
				CODE_SIGN_STYLE = Automatic;
				DEVELOPMENT_TEAM = V639XPXR4D;
				INFOPLIST_FILE = dependancyInjection2/Info.plist;
				LD_RUNPATH_SEARCH_PATHS = (
					"$(inherited)",
					"@executable_path/Frameworks",
				);
				PRODUCT_BUNDLE_IDENTIFIER = "Ebrahim-Mo-Gedamy.dependancyInjection2";
				PRODUCT_NAME = "$(TARGET_NAME)";
				SWIFT_VERSION = 5.0;
				TARGETED_DEVICE_FAMILY = "1,2";
			};
			name = Release;
		};
/* End XCBuildConfiguration section */

/* Begin XCConfigurationList section */
		03CEC24A24360C8A003F9520 /* Build configuration list for PBXProject "dependancyInjection2" */ = {
			isa = XCConfigurationList;
			buildConfigurations = (
				03CEC26124360C8E003F9520 /* Debug */,
				03CEC26224360C8E003F9520 /* Release */,
			);
			defaultConfigurationIsVisible = 0;
			defaultConfigurationName = Release;
		};
		03CEC26324360C8E003F9520 /* Build configuration list for PBXNativeTarget "dependancyInjection2" */ = {
			isa = XCConfigurationList;
			buildConfigurations = (
				03CEC26424360C8E003F9520 /* Debug */,
				03CEC26524360C8E003F9520 /* Release */,
			);
			defaultConfigurationIsVisible = 0;
			defaultConfigurationName = Release;
		};
/* End XCConfigurationList section */
	};
	rootObject = 03CEC24724360C8A003F9520 /* Project object */;
}
